// !$*UTF8*$!
{
	archiveVersion = 1;
	classes = {
	};
	objectVersion = 55;
	objects = {

/* Begin PBXBuildFile section */
		56F35435289C405600E9E09E /* topic1ResourcesViewController.swift in Sources */ = {isa = PBXBuildFile; fileRef = 56F35434289C405600E9E09E /* topic1ResourcesViewController.swift */; };
		56F35437289C407600E9E09E /* topic1HistoryViewController.swift in Sources */ = {isa = PBXBuildFile; fileRef = 56F35436289C407600E9E09E /* topic1HistoryViewController.swift */; };
		56F35439289C40C000E9E09E /* topic2ResourcesViewController.swift in Sources */ = {isa = PBXBuildFile; fileRef = 56F35438289C40C000E9E09E /* topic2ResourcesViewController.swift */; };
		56F3543B289C40CB00E9E09E /* topic2HistoryViewController.swift in Sources */ = {isa = PBXBuildFile; fileRef = 56F3543A289C40CB00E9E09E /* topic2HistoryViewController.swift */; };
		56F3543D289C412800E9E09E /* topic3ResourcesViewController.swift in Sources */ = {isa = PBXBuildFile; fileRef = 56F3543C289C412800E9E09E /* topic3ResourcesViewController.swift */; };
		56F3543F289C415D00E9E09E /* topic3Resources2ViewController.swift in Sources */ = {isa = PBXBuildFile; fileRef = 56F3543E289C415D00E9E09E /* topic3Resources2ViewController.swift */; };
		56F35441289C417600E9E09E /* topic3HistoryViewController.swift in Sources */ = {isa = PBXBuildFile; fileRef = 56F35440289C417600E9E09E /* topic3HistoryViewController.swift */; };
		56F416B5289ABFF500A48F1A /* AppDelegate.swift in Sources */ = {isa = PBXBuildFile; fileRef = 56F416B4289ABFF500A48F1A /* AppDelegate.swift */; };
		56F416B7289ABFF500A48F1A /* SceneDelegate.swift in Sources */ = {isa = PBXBuildFile; fileRef = 56F416B6289ABFF500A48F1A /* SceneDelegate.swift */; };
		56F416B9289ABFF500A48F1A /* ViewController.swift in Sources */ = {isa = PBXBuildFile; fileRef = 56F416B8289ABFF500A48F1A /* ViewController.swift */; };
		56F416BC289ABFF500A48F1A /* Main.storyboard in Resources */ = {isa = PBXBuildFile; fileRef = 56F416BA289ABFF500A48F1A /* Main.storyboard */; };
		56F416BF289ABFF500A48F1A /* herstoryLibraryApp.xcdatamodeld in Sources */ = {isa = PBXBuildFile; fileRef = 56F416BD289ABFF500A48F1A /* herstoryLibraryApp.xcdatamodeld */; };
		56F416C1289ABFF500A48F1A /* Assets.xcassets in Resources */ = {isa = PBXBuildFile; fileRef = 56F416C0289ABFF500A48F1A /* Assets.xcassets */; };
		56F416C4289ABFF500A48F1A /* LaunchScreen.storyboard in Resources */ = {isa = PBXBuildFile; fileRef = 56F416C2289ABFF500A48F1A /* LaunchScreen.storyboard */; };
		67348C7F289AE4FA00AE9E9B /* topic1ViewController.swift in Sources */ = {isa = PBXBuildFile; fileRef = 67348C7E289AE4FA00AE9E9B /* topic1ViewController.swift */; };
		67348C81289AE50C00AE9E9B /* topic2ViewController.swift in Sources */ = {isa = PBXBuildFile; fileRef = 67348C80289AE50C00AE9E9B /* topic2ViewController.swift */; };
		67348C83289AE51C00AE9E9B /* topic3ViewController.swift in Sources */ = {isa = PBXBuildFile; fileRef = 67348C82289AE51C00AE9E9B /* topic3ViewController.swift */; };
/* End PBXBuildFile section */

/* Begin PBXFileReference section */
		56F35434289C405600E9E09E /* topic1ResourcesViewController.swift */ = {isa = PBXFileReference; lastKnownFileType = sourcecode.swift; path = topic1ResourcesViewController.swift; sourceTree = "<group>"; };
		56F35436289C407600E9E09E /* topic1HistoryViewController.swift */ = {isa = PBXFileReference; lastKnownFileType = sourcecode.swift; path = topic1HistoryViewController.swift; sourceTree = "<group>"; };
		56F35438289C40C000E9E09E /* topic2ResourcesViewController.swift */ = {isa = PBXFileReference; lastKnownFileType = sourcecode.swift; path = topic2ResourcesViewController.swift; sourceTree = "<group>"; };
		56F3543A289C40CB00E9E09E /* topic2HistoryViewController.swift */ = {isa = PBXFileReference; lastKnownFileType = sourcecode.swift; path = topic2HistoryViewController.swift; sourceTree = "<group>"; };
		56F3543C289C412800E9E09E /* topic3ResourcesViewController.swift */ = {isa = PBXFileReference; lastKnownFileType = sourcecode.swift; path = topic3ResourcesViewController.swift; sourceTree = "<group>"; };
		56F3543E289C415D00E9E09E /* topic3Resources2ViewController.swift */ = {isa = PBXFileReference; lastKnownFileType = sourcecode.swift; path = topic3Resources2ViewController.swift; sourceTree = "<group>"; };
		56F35440289C417600E9E09E /* topic3HistoryViewController.swift */ = {isa = PBXFileReference; lastKnownFileType = sourcecode.swift; path = topic3HistoryViewController.swift; sourceTree = "<group>"; };
		56F416B1289ABFF500A48F1A /* herstoryLibraryApp.app */ = {isa = PBXFileReference; explicitFileType = wrapper.application; includeInIndex = 0; path = herstoryLibraryApp.app; sourceTree = BUILT_PRODUCTS_DIR; };
		56F416B4289ABFF500A48F1A /* AppDelegate.swift */ = {isa = PBXFileReference; lastKnownFileType = sourcecode.swift; path = AppDelegate.swift; sourceTree = "<group>"; };
		56F416B6289ABFF500A48F1A /* SceneDelegate.swift */ = {isa = PBXFileReference; lastKnownFileType = sourcecode.swift; path = SceneDelegate.swift; sourceTree = "<group>"; };
		56F416B8289ABFF500A48F1A /* ViewController.swift */ = {isa = PBXFileReference; lastKnownFileType = sourcecode.swift; path = ViewController.swift; sourceTree = "<group>"; };
		56F416BB289ABFF500A48F1A /* Base */ = {isa = PBXFileReference; lastKnownFileType = file.storyboard; name = Base; path = Base.lproj/Main.storyboard; sourceTree = "<group>"; };
		56F416BE289ABFF500A48F1A /* herstoryLibraryApp.xcdatamodel */ = {isa = PBXFileReference; lastKnownFileType = wrapper.xcdatamodel; path = herstoryLibraryApp.xcdatamodel; sourceTree = "<group>"; };
		56F416C0289ABFF500A48F1A /* Assets.xcassets */ = {isa = PBXFileReference; lastKnownFileType = folder.assetcatalog; path = Assets.xcassets; sourceTree = "<group>"; };
		56F416C3289ABFF500A48F1A /* Base */ = {isa = PBXFileReference; lastKnownFileType = file.storyboard; name = Base; path = Base.lproj/LaunchScreen.storyboard; sourceTree = "<group>"; };
		56F416C5289ABFF500A48F1A /* Info.plist */ = {isa = PBXFileReference; lastKnownFileType = text.plist.xml; path = Info.plist; sourceTree = "<group>"; };
		67348C7E289AE4FA00AE9E9B /* topic1ViewController.swift */ = {isa = PBXFileReference; lastKnownFileType = sourcecode.swift; path = topic1ViewController.swift; sourceTree = "<group>"; };
		67348C80289AE50C00AE9E9B /* topic2ViewController.swift */ = {isa = PBXFileReference; lastKnownFileType = sourcecode.swift; path = topic2ViewController.swift; sourceTree = "<group>"; };
		67348C82289AE51C00AE9E9B /* topic3ViewController.swift */ = {isa = PBXFileReference; lastKnownFileType = sourcecode.swift; path = topic3ViewController.swift; sourceTree = "<group>"; };
/* End PBXFileReference section */

/* Begin PBXFrameworksBuildPhase section */
		56F416AE289ABFF500A48F1A /* Frameworks */ = {
			isa = PBXFrameworksBuildPhase;
			buildActionMask = 2147483647;
			files = (
			);
			runOnlyForDeploymentPostprocessing = 0;
		};
/* End PBXFrameworksBuildPhase section */

/* Begin PBXGroup section */
		56F416A8289ABFF400A48F1A = {
			isa = PBXGroup;
			children = (
				56F416B3289ABFF500A48F1A /* herstoryLibraryApp */,
				56F416B2289ABFF500A48F1A /* Products */,
			);
			sourceTree = "<group>";
		};
		56F416B2289ABFF500A48F1A /* Products */ = {
			isa = PBXGroup;
			children = (
				56F416B1289ABFF500A48F1A /* herstoryLibraryApp.app */,
			);
			name = Products;
			sourceTree = "<group>";
		};
		56F416B3289ABFF500A48F1A /* herstoryLibraryApp */ = {
			isa = PBXGroup;
			children = (
				56F416B4289ABFF500A48F1A /* AppDelegate.swift */,
				56F416B6289ABFF500A48F1A /* SceneDelegate.swift */,
				56F416B8289ABFF500A48F1A /* ViewController.swift */,
				56F416BA289ABFF500A48F1A /* Main.storyboard */,
				56F35440289C417600E9E09E /* topic3HistoryViewController.swift */,
				56F3543E289C415D00E9E09E /* topic3Resources2ViewController.swift */,
				56F3543C289C412800E9E09E /* topic3ResourcesViewController.swift */,
				56F3543A289C40CB00E9E09E /* topic2HistoryViewController.swift */,
				56F35438289C40C000E9E09E /* topic2ResourcesViewController.swift */,
				56F35436289C407600E9E09E /* topic1HistoryViewController.swift */,
				56F35434289C405600E9E09E /* topic1ResourcesViewController.swift */,
				56F416C0289ABFF500A48F1A /* Assets.xcassets */,
				56F416C2289ABFF500A48F1A /* LaunchScreen.storyboard */,
				56F416C5289ABFF500A48F1A /* Info.plist */,
				56F416BD289ABFF500A48F1A /* herstoryLibraryApp.xcdatamodeld */,
				67348C7E289AE4FA00AE9E9B /* topic1ViewController.swift */,
				67348C80289AE50C00AE9E9B /* topic2ViewController.swift */,
				67348C82289AE51C00AE9E9B /* topic3ViewController.swift */,
			);
			path = herstoryLibraryApp;
			sourceTree = "<group>";
		};
/* End PBXGroup section */

/* Begin PBXNativeTarget section */
		56F416B0289ABFF500A48F1A /* herstoryLibraryApp */ = {
			isa = PBXNativeTarget;
			buildConfigurationList = 56F416C8289ABFF500A48F1A /* Build configuration list for PBXNativeTarget "herstoryLibraryApp" */;
			buildPhases = (
				56F416AD289ABFF500A48F1A /* Sources */,
				56F416AE289ABFF500A48F1A /* Frameworks */,
				56F416AF289ABFF500A48F1A /* Resources */,
			);
			buildRules = (
			);
			dependencies = (
			);
			name = herstoryLibraryApp;
			productName = herstoryLibraryApp;
			productReference = 56F416B1289ABFF500A48F1A /* herstoryLibraryApp.app */;
			productType = "com.apple.product-type.application";
		};
/* End PBXNativeTarget section */

/* Begin PBXProject section */
		56F416A9289ABFF400A48F1A /* Project object */ = {
			isa = PBXProject;
			attributes = {
				BuildIndependentTargetsInParallel = 1;
				LastSwiftUpdateCheck = 1340;
				LastUpgradeCheck = 1340;
				TargetAttributes = {
					56F416B0289ABFF500A48F1A = {
						CreatedOnToolsVersion = 13.4.1;
					};
				};
			};
			buildConfigurationList = 56F416AC289ABFF400A48F1A /* Build configuration list for PBXProject "herstoryLibraryApp" */;
			compatibilityVersion = "Xcode 13.0";
			developmentRegion = en;
			hasScannedForEncodings = 0;
			knownRegions = (
				en,
				Base,
			);
			mainGroup = 56F416A8289ABFF400A48F1A;
			productRefGroup = 56F416B2289ABFF500A48F1A /* Products */;
			projectDirPath = "";
			projectRoot = "";
			targets = (
				56F416B0289ABFF500A48F1A /* herstoryLibraryApp */,
			);
		};
/* End PBXProject section */

/* Begin PBXResourcesBuildPhase section */
		56F416AF289ABFF500A48F1A /* Resources */ = {
			isa = PBXResourcesBuildPhase;
			buildActionMask = 2147483647;
			files = (
				56F416C4289ABFF500A48F1A /* LaunchScreen.storyboard in Resources */,
				56F416C1289ABFF500A48F1A /* Assets.xcassets in Resources */,
				56F416BC289ABFF500A48F1A /* Main.storyboard in Resources */,
			);
			runOnlyForDeploymentPostprocessing = 0;
		};
/* End PBXResourcesBuildPhase section */

/* Begin PBXSourcesBuildPhase section */
		56F416AD289ABFF500A48F1A /* Sources */ = {
			isa = PBXSourcesBuildPhase;
			buildActionMask = 2147483647;
			files = (
				56F35435289C405600E9E09E /* topic1ResourcesViewController.swift in Sources */,
				56F3543F289C415D00E9E09E /* topic3Resources2ViewController.swift in Sources */,
				67348C83289AE51C00AE9E9B /* topic3ViewController.swift in Sources */,
				56F416B9289ABFF500A48F1A /* ViewController.swift in Sources */,
				56F416BF289ABFF500A48F1A /* herstoryLibraryApp.xcdatamodeld in Sources */,
				67348C7F289AE4FA00AE9E9B /* topic1ViewController.swift in Sources */,
				56F416B5289ABFF500A48F1A /* AppDelegate.swift in Sources */,
				56F35441289C417600E9E09E /* topic3HistoryViewController.swift in Sources */,
				56F416B7289ABFF500A48F1A /* SceneDelegate.swift in Sources */,
				56F35439289C40C000E9E09E /* topic2ResourcesViewController.swift in Sources */,
				56F35437289C407600E9E09E /* topic1HistoryViewController.swift in Sources */,
				56F3543B289C40CB00E9E09E /* topic2HistoryViewController.swift in Sources */,
				56F3543D289C412800E9E09E /* topic3ResourcesViewController.swift in Sources */,
				67348C81289AE50C00AE9E9B /* topic2ViewController.swift in Sources */,
			);
			runOnlyForDeploymentPostprocessing = 0;
		};
/* End PBXSourcesBuildPhase section */

/* Begin PBXVariantGroup section */
		56F416BA289ABFF500A48F1A /* Main.storyboard */ = {
			isa = PBXVariantGroup;
			children = (
				56F416BB289ABFF500A48F1A /* Base */,
			);
			name = Main.storyboard;
			sourceTree = "<group>";
		};
		56F416C2289ABFF500A48F1A /* LaunchScreen.storyboard */ = {
			isa = PBXVariantGroup;
			children = (
				56F416C3289ABFF500A48F1A /* Base */,
			);
			name = LaunchScreen.storyboard;
			sourceTree = "<group>";
		};
/* End PBXVariantGroup section */

/* Begin XCBuildConfiguration section */
		56F416C6289ABFF500A48F1A /* Debug */ = {
			isa = XCBuildConfiguration;
			buildSettings = {
				ALWAYS_SEARCH_USER_PATHS = NO;
				CLANG_ANALYZER_NONNULL = YES;
				CLANG_ANALYZER_NUMBER_OBJECT_CONVERSION = YES_AGGRESSIVE;
				CLANG_CXX_LANGUAGE_STANDARD = "gnu++17";
				CLANG_ENABLE_MODULES = YES;
				CLANG_ENABLE_OBJC_ARC = YES;
				CLANG_ENABLE_OBJC_WEAK = YES;
				CLANG_WARN_BLOCK_CAPTURE_AUTORELEASING = YES;
				CLANG_WARN_BOOL_CONVERSION = YES;
				CLANG_WARN_COMMA = YES;
				CLANG_WARN_CONSTANT_CONVERSION = YES;
				CLANG_WARN_DEPRECATED_OBJC_IMPLEMENTATIONS = YES;
				CLANG_WARN_DIRECT_OBJC_ISA_USAGE = YES_ERROR;
				CLANG_WARN_DOCUMENTATION_COMMENTS = YES;
				CLANG_WARN_EMPTY_BODY = YES;
				CLANG_WARN_ENUM_CONVERSION = YES;
				CLANG_WARN_INFINITE_RECURSION = YES;
				CLANG_WARN_INT_CONVERSION = YES;
				CLANG_WARN_NON_LITERAL_NULL_CONVERSION = YES;
				CLANG_WARN_OBJC_IMPLICIT_RETAIN_SELF = YES;
				CLANG_WARN_OBJC_LITERAL_CONVERSION = YES;
				CLANG_WARN_OBJC_ROOT_CLASS = YES_ERROR;
				CLANG_WARN_QUOTED_INCLUDE_IN_FRAMEWORK_HEADER = YES;
				CLANG_WARN_RANGE_LOOP_ANALYSIS = YES;
				CLANG_WARN_STRICT_PROTOTYPES = YES;
				CLANG_WARN_SUSPICIOUS_MOVE = YES;
				CLANG_WARN_UNGUARDED_AVAILABILITY = YES_AGGRESSIVE;
				CLANG_WARN_UNREACHABLE_CODE = YES;
				CLANG_WARN__DUPLICATE_METHOD_MATCH = YES;
				COPY_PHASE_STRIP = NO;
				DEBUG_INFORMATION_FORMAT = dwarf;
				ENABLE_STRICT_OBJC_MSGSEND = YES;
				ENABLE_TESTABILITY = YES;
				GCC_C_LANGUAGE_STANDARD = gnu11;
				GCC_DYNAMIC_NO_PIC = NO;
				GCC_NO_COMMON_BLOCKS = YES;
				GCC_OPTIMIZATION_LEVEL = 0;
				GCC_PREPROCESSOR_DEFINITIONS = (
					"DEBUG=1",
					"$(inherited)",
				);
				GCC_WARN_64_TO_32_BIT_CONVERSION = YES;
				GCC_WARN_ABOUT_RETURN_TYPE = YES_ERROR;
				GCC_WARN_UNDECLARED_SELECTOR = YES;
				GCC_WARN_UNINITIALIZED_AUTOS = YES_AGGRESSIVE;
				GCC_WARN_UNUSED_FUNCTION = YES;
				GCC_WARN_UNUSED_VARIABLE = YES;
				IPHONEOS_DEPLOYMENT_TARGET = 15.5;
				MTL_ENABLE_DEBUG_INFO = INCLUDE_SOURCE;
				MTL_FAST_MATH = YES;
				ONLY_ACTIVE_ARCH = YES;
				SDKROOT = iphoneos;
				SWIFT_ACTIVE_COMPILATION_CONDITIONS = DEBUG;
				SWIFT_OPTIMIZATION_LEVEL = "-Onone";
			};
			name = Debug;
		};
		56F416C7289ABFF500A48F1A /* Release */ = {
			isa = XCBuildConfiguration;
			buildSettings = {
				ALWAYS_SEARCH_USER_PATHS = NO;
				CLANG_ANALYZER_NONNULL = YES;
				CLANG_ANALYZER_NUMBER_OBJECT_CONVERSION = YES_AGGRESSIVE;
				CLANG_CXX_LANGUAGE_STANDARD = "gnu++17";
				CLANG_ENABLE_MODULES = YES;
				CLANG_ENABLE_OBJC_ARC = YES;
				CLANG_ENABLE_OBJC_WEAK = YES;
				CLANG_WARN_BLOCK_CAPTURE_AUTORELEASING = YES;
				CLANG_WARN_BOOL_CONVERSION = YES;
				CLANG_WARN_COMMA = YES;
				CLANG_WARN_CONSTANT_CONVERSION = YES;
				CLANG_WARN_DEPRECATED_OBJC_IMPLEMENTATIONS = YES;
				CLANG_WARN_DIRECT_OBJC_ISA_USAGE = YES_ERROR;
				CLANG_WARN_DOCUMENTATION_COMMENTS = YES;
				CLANG_WARN_EMPTY_BODY = YES;
				CLANG_WARN_ENUM_CONVERSION = YES;
				CLANG_WARN_INFINITE_RECURSION = YES;
				CLANG_WARN_INT_CONVERSION = YES;
				CLANG_WARN_NON_LITERAL_NULL_CONVERSION = YES;
				CLANG_WARN_OBJC_IMPLICIT_RETAIN_SELF = YES;
				CLANG_WARN_OBJC_LITERAL_CONVERSION = YES;
				CLANG_WARN_OBJC_ROOT_CLASS = YES_ERROR;
				CLANG_WARN_QUOTED_INCLUDE_IN_FRAMEWORK_HEADER = YES;
				CLANG_WARN_RANGE_LOOP_ANALYSIS = YES;
				CLANG_WARN_STRICT_PROTOTYPES = YES;
				CLANG_WARN_SUSPICIOUS_MOVE = YES;
				CLANG_WARN_UNGUARDED_AVAILABILITY = YES_AGGRESSIVE;
				CLANG_WARN_UNREACHABLE_CODE = YES;
				CLANG_WARN__DUPLICATE_METHOD_MATCH = YES;
				COPY_PHASE_STRIP = NO;
				DEBUG_INFORMATION_FORMAT = "dwarf-with-dsym";
				ENABLE_NS_ASSERTIONS = NO;
				ENABLE_STRICT_OBJC_MSGSEND = YES;
				GCC_C_LANGUAGE_STANDARD = gnu11;
				GCC_NO_COMMON_BLOCKS = YES;
				GCC_WARN_64_TO_32_BIT_CONVERSION = YES;
				GCC_WARN_ABOUT_RETURN_TYPE = YES_ERROR;
				GCC_WARN_UNDECLARED_SELECTOR = YES;
				GCC_WARN_UNINITIALIZED_AUTOS = YES_AGGRESSIVE;
				GCC_WARN_UNUSED_FUNCTION = YES;
				GCC_WARN_UNUSED_VARIABLE = YES;
				IPHONEOS_DEPLOYMENT_TARGET = 15.5;
				MTL_ENABLE_DEBUG_INFO = NO;
				MTL_FAST_MATH = YES;
				SDKROOT = iphoneos;
				SWIFT_COMPILATION_MODE = wholemodule;
				SWIFT_OPTIMIZATION_LEVEL = "-O";
				VALIDATE_PRODUCT = YES;
			};
			name = Release;
		};
		56F416C9289ABFF500A48F1A /* Debug */ = {
			isa = XCBuildConfiguration;
			buildSettings = {
				ASSETCATALOG_COMPILER_APPICON_NAME = AppIcon;
				ASSETCATALOG_COMPILER_GLOBAL_ACCENT_COLOR_NAME = AccentColor;
				CODE_SIGN_STYLE = Automatic;
				CURRENT_PROJECT_VERSION = 1;
				GENERATE_INFOPLIST_FILE = YES;
				INFOPLIST_FILE = herstoryLibraryApp/Info.plist;
				INFOPLIST_KEY_UIApplicationSupportsIndirectInputEvents = YES;
				INFOPLIST_KEY_UILaunchStoryboardName = LaunchScreen;
				INFOPLIST_KEY_UIMainStoryboardFile = Main;
				INFOPLIST_KEY_UISupportedInterfaceOrientations_iPad = "UIInterfaceOrientationPortrait UIInterfaceOrientationPortraitUpsideDown UIInterfaceOrientationLandscapeLeft UIInterfaceOrientationLandscapeRight";
				INFOPLIST_KEY_UISupportedInterfaceOrientations_iPhone = "UIInterfaceOrientationPortrait UIInterfaceOrientationLandscapeLeft UIInterfaceOrientationLandscapeRight";
				LD_RUNPATH_SEARCH_PATHS = (
					"$(inherited)",
					"@executable_path/Frameworks",
				);
				MARKETING_VERSION = 1.0;
				PRODUCT_BUNDLE_IDENTIFIER = kwk.herstoryLibraryApp;
				PRODUCT_NAME = "$(TARGET_NAME)";
				SWIFT_EMIT_LOC_STRINGS = YES;
				SWIFT_VERSION = 5.0;
				TARGETED_DEVICE_FAMILY = "1,2";
			};
			name = Debug;
		};
		56F416CA289ABFF500A48F1A /* Release */ = {
			isa = XCBuildConfiguration;
			buildSettings = {
				ASSETCATALOG_COMPILER_APPICON_NAME = AppIcon;
				ASSETCATALOG_COMPILER_GLOBAL_ACCENT_COLOR_NAME = AccentColor;
				CODE_SIGN_STYLE = Automatic;
				CURRENT_PROJECT_VERSION = 1;
				GENERATE_INFOPLIST_FILE = YES;
				INFOPLIST_FILE = herstoryLibraryApp/Info.plist;
				INFOPLIST_KEY_UIApplicationSupportsIndirectInputEvents = YES;
				INFOPLIST_KEY_UILaunchStoryboardName = LaunchScreen;
				INFOPLIST_KEY_UIMainStoryboardFile = Main;
				INFOPLIST_KEY_UISupportedInterfaceOrientations_iPad = "UIInterfaceOrientationPortrait UIInterfaceOrientationPortraitUpsideDown UIInterfaceOrientationLandscapeLeft UIInterfaceOrientationLandscapeRight";
				INFOPLIST_KEY_UISupportedInterfaceOrientations_iPhone = "UIInterfaceOrientationPortrait UIInterfaceOrientationLandscapeLeft UIInterfaceOrientationLandscapeRight";
				LD_RUNPATH_SEARCH_PATHS = (
					"$(inherited)",
					"@executable_path/Frameworks",
				);
				MARKETING_VERSION = 1.0;
				PRODUCT_BUNDLE_IDENTIFIER = kwk.herstoryLibraryApp;
				PRODUCT_NAME = "$(TARGET_NAME)";
				SWIFT_EMIT_LOC_STRINGS = YES;
				SWIFT_VERSION = 5.0;
				TARGETED_DEVICE_FAMILY = "1,2";
			};
			name = Release;
		};
/* End XCBuildConfiguration section */

/* Begin XCConfigurationList section */
		56F416AC289ABFF400A48F1A /* Build configuration list for PBXProject "herstoryLibraryApp" */ = {
			isa = XCConfigurationList;
			buildConfigurations = (
				56F416C6289ABFF500A48F1A /* Debug */,
				56F416C7289ABFF500A48F1A /* Release */,
			);
			defaultConfigurationIsVisible = 0;
			defaultConfigurationName = Release;
		};
		56F416C8289ABFF500A48F1A /* Build configuration list for PBXNativeTarget "herstoryLibraryApp" */ = {
			isa = XCConfigurationList;
			buildConfigurations = (
				56F416C9289ABFF500A48F1A /* Debug */,
				56F416CA289ABFF500A48F1A /* Release */,
			);
			defaultConfigurationIsVisible = 0;
			defaultConfigurationName = Release;
		};
/* End XCConfigurationList section */

/* Begin XCVersionGroup section */
		56F416BD289ABFF500A48F1A /* herstoryLibraryApp.xcdatamodeld */ = {
			isa = XCVersionGroup;
			children = (
				56F416BE289ABFF500A48F1A /* herstoryLibraryApp.xcdatamodel */,
			);
			currentVersion = 56F416BE289ABFF500A48F1A /* herstoryLibraryApp.xcdatamodel */;
			path = herstoryLibraryApp.xcdatamodeld;
			sourceTree = "<group>";
			versionGroupType = wrapper.xcdatamodel;
		};
/* End XCVersionGroup section */
	};
	rootObject = 56F416A9289ABFF400A48F1A /* Project object */;
}
